{
  "version": 4,
  "terraform_version": "1.15.5",
  "serial": 9,
  "lineage": "41965658-ccc5-b703-0f48-b81b922dd240",
  "outputs": {},
  "resources": [
    {
      "mode": "managed",
      "type": "google_container_cluster",
      "name": "primary",
      "provider": "provider[\"registry.terraform.io/hashicorp/google\"]",
      "instances": [
        {
          "schema_version": 2,
          "attributes": {
            "addons_config": [
              {
                "cloudrun_config": [],
                "config_connector_config": [],
                "dns_cache_config": [
                  {
                    "enabled": true
                  }
                ],
                "gce_persistent_disk_csi_driver_config": [
                  {
                    "enabled": true
                  }
                ],
                "gcp_filestore_csi_driver_config": [],
                "gcs_fuse_csi_driver_config": [],
                "gke_backup_agent_config": [],
                "horizontal_pod_autoscaling": [],
                "http_load_balancing": [],
                "network_policy_config": [
                  {
                    "disabled": true
                  }
                ],
                "ray_operator_config": [],
                "stateful_ha_config": []
              }
            ],
            "allow_net_admin": null,
            "authenticator_groups_config": [],
            "binary_authorization": [
              {
                "enabled": false,
                "evaluation_mode": ""
              }
            ],
            "cluster_autoscaling": [
              {
                "auto_provisioning_defaults": [],
                "auto_provisioning_locations": [],
                "autoscaling_profile": "BALANCED",
                "enabled": false,
                "resource_limits": []
              }
            ],
            "cluster_ipv4_cidr": "10.80.0.0/14",
            "confidential_nodes": [],
            "cost_management_config": [],
            "database_encryption": [
              {
                "key_name": "",
                "state": "DECRYPTED"
              }
            ],
            "datapath_provider": "",
            "default_max_pods_per_node": 110,
            "default_snat_status": [
              {
                "disabled": false
              }
            ],
            "deletion_protection": true,
            "description": "",
            "dns_config": [],
            "enable_autopilot": false,
            "enable_cilium_clusterwide_network_policy": false,
            "enable_intranode_visibility": false,
            "enable_k8s_beta_apis": [],
            "enable_kubernetes_alpha": false,
            "enable_l4_ilb_subsetting": false,
            "enable_legacy_abac": false,
            "enable_multi_networking": false,
            "enable_shielded_nodes": true,
            "enable_tpu": false,
            "endpoint": "136.112.98.27",
            "fleet": [],
            "gateway_api_config": [],
            "id": "projects/task8-gke-project/locations/us-central1/clusters/task8-gke-cluster",
            "identity_service_config": [],
            "initial_node_count": 1,
            "ip_allocation_policy": [
              {
                "additional_pod_ranges_config": [],
                "cluster_ipv4_cidr_block": "10.80.0.0/14",
                "cluster_secondary_range_name": "gke-task8-gke-cluster-pods-d14bc307",
                "pod_cidr_overprovision_config": [
                  {
                    "disabled": false
                  }
                ],
                "services_ipv4_cidr_block": "34.118.224.0/20",
                "services_secondary_range_name": "",
                "stack_type": "IPV4"
              }
            ],
            "label_fingerprint": "a9dc16a7",
            "location": "us-central1",
            "logging_config": [
              {
                "enable_components": [
                  "SYSTEM_COMPONENTS",
                  "WORKLOADS"
                ]
              }
            ],
            "logging_service": "logging.googleapis.com/kubernetes",
            "maintenance_policy": [],
            "master_auth": [
              {
                "client_certificate": "",
                "client_certificate_config": [
                  {
                    "issue_client_certificate": false
                  }
                ],
                "client_key": "",
                "cluster_ca_certificate": "LS0tLS1CRUdJTiBDRVJUSUZJQ0FURS0tLS0tCk1JSUVMVENDQXBXZ0F3SUJBZ0lSQUsrYmc1Szh4WEFlWXB0U01xcFNTcEl3RFFZSktvWklodmNOQVFFTEJRQXcKTHpFdE1Dc0dBMVVFQXhNa01EUXlOekl4T0dFdE5XRXhOQzAwTWpReExXSXlNR1l0TmpRek5XVXpZVFJpWW1GaQpNQ0FYRFRJMk1EWXhNVEEzTWpnME9Wb1lEekl3TlRZd05qQXpNRGd5T0RRNVdqQXZNUzB3S3dZRFZRUURFeVF3Ck5ESTNNakU0WVMwMVlURTBMVFF5TkRFdFlqSXdaaTAyTkRNMVpUTmhOR0ppWVdJd2dnR2lNQTBHQ1NxR1NJYjMKRFFFQkFRVUFBNElCandBd2dnR0tBb0lCZ1FDWjcvNzBUcFprTTF1bFRlNHBtQm1kUUpNaUFkY2NYMUEyaE5WYQpiSHBxUnAyeU5lZmZ1VXFTb1ZSL3hNYmZlQ1llVDBMeEd5ZVhxWXh3dTNxRVNiVlEvcEVhV0NDbzQrN1ZjMUdzClE5THdsVSs0OTI1aVJQZ1Z5dnhPamtNVis0RzFNQjJLR0dPWlhGbE1xeUN5Y2M4QjVlc1NvVVJSWitwb1NQZjMKa1VGOGZiVGVRcEl4S0o3YnNWbyt6S0xDNVpWMzRrSHBaSDZvM3U0RDhZMDVZaVJNUGhqMFpLYzhwYW53R1BKKwo1RkNzVmZBZ1Z0SDh4eWdteWhpQUhIaWw4b0VhY1ZnNFhhV2N6ekorc0ozenF5U2FGYjJPZ3R3OFVxZ0dnTU12ClRhaU1NVjNxSFYxWGg1MzhSWlgvQ29CM0Zid1YwLzVsQkl1Z0FqQlVnOThNTkhkcjJic0MvZHNWaFZVSE5JTFUKYmhJWnFEazJBL2o4cmxQUndtTjU2SDlSeXNnMldhOTlPeUo1bk9aZHdrUWRSVmdvNVdvQkl1bjlHckVEYjl1dwphVU5DLzRRQ1l1dUxQcTJPRTBPM0xWSW52NERxa2ozYVdmemdHMHRMUFViTWhPVkk3YzV1MTYrV0UzbDVXaHh2CnpoL2IyS1RHN29MYTIvRnE1Q1U5UU1vNStSTUNBd0VBQWFOQ01FQXdEZ1lEVlIwUEFRSC9CQVFEQWdJRU1BOEcKQTFVZEV3RUIvd1FGTUFNQkFmOHdIUVlEVlIwT0JCWUVGTmNSN2xEQkMyYndUV3pZUkxEN1pEQUZhRFE2TUEwRwpDU3FHU0liM0RRRUJDd1VBQTRJQmdRQmZvMXdORG13cjdocWEwZXZxcUtNeWNWOG5ycklKZ3ZQL3BRMDRMR3dlCmxCb0VsSUFhZElyajJyQWUrL04rTWduMFlRczJaZ2VyMEMzTVRsVTdVM2d6eUZXd1AxbVVjZVF5bm1ITURJU20Ka1JOWEttOHErVDRZelFiMGJoRkltcWxPNmdBcHdQVHQyWEd6NkdiZS9OOERuQTJGNGlDYzN2NllrY2pHZEN5SQo1MlpidHczSldSM3c4c2FQRVQrei94aFpiZFRWVys3WC9USWFHS1JrazV6Skg0SFk5MmhIUmFDUXlzajM0MGpuCklDbUdZenJ3czBXZGhsYkNDN2oyTUNhZGhVczBiMjl3T0l4aElEcXZnblhJMElqTjVzQk9EZWdxL3dpdGsyRloKMjRxNnNTdGVCd09GTTN1WHVGcXdDRWZqcHYyc1pBWG9VVjd3aUdKOVlzNzdPbDUrNGZzdy9kZWhzK0FUaC96dwpZaGp3Y3R3c21NeW9lZHNqYm1nc0V5eWJrQTc1K1FZZmp5V21RRnZndzhFWk9yUnRHbDU3REZYTUdzZklHWENoCmg0SXVhanFYMy9lQkhKNlJSZFo1WHFxRW83RThRdUVKQkRSVHRSQ1YyRVErbFI1ZmkwNVB2Q3g4Yy82ZEJ4QmQKVmhOV3ZnMmR6cGV3aXJVakh0UEVHbzA9Ci0tLS0tRU5EIENFUlRJRklDQVRFLS0tLS0K"
              }
            ],
            "master_authorized_networks_config": [],
            "master_version": "1.35.3-gke.2190000",
            "mesh_certificates": [],
            "min_master_version": null,
            "monitoring_config": [
              {
                "advanced_datapath_observability_config": [
                  {
                    "enable_metrics": false,
                    "enable_relay": false,
                    "relay_mode": "DISABLED"
                  }
                ],
                "enable_components": [
                  "SYSTEM_COMPONENTS",
                  "STORAGE",
                  "HPA",
                  "POD",
                  "DAEMONSET",
                  "DEPLOYMENT",
                  "STATEFULSET",
                  "CADVISOR",
                  "KUBELET",
                  "DCGM",
                  "JOBSET"
                ],
                "managed_prometheus": [
                  {
                    "enabled": true
                  }
                ]
              }
            ],
            "monitoring_service": "monitoring.googleapis.com/kubernetes",
            "name": "task8-gke-cluster",
            "network": "projects/task8-gke-project/global/networks/default",
            "network_policy": [
              {
                "enabled": false,
                "provider": "PROVIDER_UNSPECIFIED"
              }
            ],
            "networking_mode": "VPC_NATIVE",
            "node_config": [],
            "node_locations": [
              "us-central1-a",
              "us-central1-c",
              "us-central1-f"
            ],
            "node_pool": [],
            "node_pool_auto_config": [
              {
                "network_tags": [],
                "node_kubelet_config": [
                  {
                    "insecure_kubelet_readonly_port_enabled": "FALSE"
                  }
                ],
                "resource_manager_tags": {}
              }
            ],
            "node_pool_defaults": [
              {
                "node_config_defaults": [
                  {
                    "containerd_config": [],
                    "insecure_kubelet_readonly_port_enabled": "FALSE",
                    "logging_variant": "DEFAULT"
                  }
                ]
              }
            ],
            "node_version": "1.35.3-gke.2190000",
            "notification_config": [
              {
                "pubsub": [
                  {
                    "enabled": false,
                    "filter": [],
                    "topic": ""
                  }
                ]
              }
            ],
            "operation": null,
            "private_cluster_config": [
              {
                "enable_private_endpoint": false,
                "enable_private_nodes": false,
                "master_global_access_config": [
                  {
                    "enabled": false
                  }
                ],
                "master_ipv4_cidr_block": "",
                "peering_name": "",
                "private_endpoint": "10.128.0.2",
                "private_endpoint_subnetwork": "",
                "public_endpoint": "136.112.98.27"
              }
            ],
            "private_ipv6_google_access": "",
            "project": "task8-gke-project",
            "release_channel": [
              {
                "channel": "REGULAR"
              }
            ],
            "remove_default_node_pool": true,
            "resource_labels": {},
            "resource_usage_export_config": [],
            "security_posture_config": [
              {
                "mode": "BASIC",
                "vulnerability_mode": "VULNERABILITY_MODE_UNSPECIFIED"
              }
            ],
            "self_link": "https://container.googleapis.com/v1/projects/task8-gke-project/locations/us-central1/clusters/task8-gke-cluster",
            "service_external_ips_config": [
              {
                "enabled": false
              }
            ],
            "services_ipv4_cidr": "34.118.224.0/20",
            "subnetwork": "projects/task8-gke-project/regions/us-central1/subnetworks/default",
            "timeouts": null,
            "tpu_ipv4_cidr_block": "",
            "vertical_pod_autoscaling": [],
            "workload_identity_config": []
          },
          "sensitive_attributes": [
            [
              {
                "type": "get_attr",
                "value": "master_auth"
              },
              {
                "type": "index",
                "value": {
                  "value": 0,
                  "type": "number"
                }
              },
              {
                "type": "get_attr",
                "value": "client_key"
              }
            ]
          ],
          "identity_schema_version": 0,
          "private": "eyJlMmJmYjczMC1lY2FhLTExZTYtOGY4OC0zNDM2M2JjN2M0YzAiOnsiY3JlYXRlIjoyNDAwMDAwMDAwMDAwLCJkZWxldGUiOjI0MDAwMDAwMDAwMDAsInJlYWQiOjI0MDAwMDAwMDAwMDAsInVwZGF0ZSI6MzYwMDAwMDAwMDAwMH0sInNjaGVtYV92ZXJzaW9uIjoiMiJ9"
        }
      ]
    }
  ],
  "check_results": null
}
